
Microsoft Visual Studio Solution File, Format Version 12.00
# Visual Studio 14
VisualStudioVersion = 14.0.24720.0
MinimumVisualStudioVersion = 10.0.40219.1
Project("{FAE04EC0-301F-11D3-BF4B-00C04F79EFBC}") = "Valtech.Website.UI.Tests", "Valtech.Website.UI.Tests\Valtech.Website.UI.Tests.csproj", "{B336F34F-9668-4783-B92A-E3B0F86DF6E1}"
EndProject
Project("{FAE04EC0-301F-11D3-BF4B-00C04F79EFBC}") = "Valtech.Website.PageObjects", "Valtech.Website.PageObjects\Valtech.Website.PageObjects.csproj", "{7471C9EB-BF3C-4668-BC26-75C0B0309C17}"
EndProject
Global
	GlobalSection(SolutionConfigurationPlatforms) = preSolution
		Debug|Any CPU = Debug|Any CPU
		Release|Any CPU = Release|Any CPU
	EndGlobalSection
	GlobalSection(ProjectConfigurationPlatforms) = postSolution
		{B336F34F-9668-4783-B92A-E3B0F86DF6E1}.Debug|Any CPU.ActiveCfg = Debug|Any CPU
		{B336F34F-9668-4783-B92A-E3B0F86DF6E1}.Debug|Any CPU.Build.0 = Debug|Any CPU
		{B336F34F-9668-4783-B92A-E3B0F86DF6E1}.Release|Any CPU.ActiveCfg = Release|Any CPU
		{B336F34F-9668-4783-B92A-E3B0F86DF6E1}.Release|Any CPU.Build.0 = Release|Any CPU
		{7471C9EB-BF3C-4668-BC26-75C0B0309C17}.Debug|Any CPU.ActiveCfg = Debug|Any CPU
		{7471C9EB-BF3C-4668-BC26-75C0B0309C17}.Debug|Any CPU.Build.0 = Debug|Any CPU
		{7471C9EB-BF3C-4668-BC26-75C0B0309C17}.Release|Any CPU.ActiveCfg = Release|Any CPU
		{7471C9EB-BF3C-4668-BC26-75C0B0309C17}.Release|Any CPU.Build.0 = Release|Any CPU
	EndGlobalSection
	GlobalSection(SolutionProperties) = preSolution
		HideSolutionNode = FALSE
	EndGlobalSection
EndGlobal
